
Microsoft Visual Studio Solution File, Format Version 10.00
# Visual Studio 2008
Project("{8BC9CEB8-8B4A-11D0-8D11-00A0C91BC942}") = "BasicLighting", "BasicLighting\BasicLighting.vcproj", "{35D0A06F-24CA-46F8-A641-85F82F407E7C}"
EndProject
Project("{8BC9CEB8-8B4A-11D0-8D11-00A0C91BC942}") = "AdditionalEffects", "AdditionalEffects\AdditionalEffects.vcproj", "{9A909C05-EF3C-48F5-82F1-4DDBD611540A}"
EndProject
Global
	GlobalSection(SubversionScc) = preSolution
		Svn-Managed = True
		Manager = AnkhSVN - Subversion Support for Visual Studio
	EndGlobalSection
	GlobalSection(SolutionConfigurationPlatforms) = preSolution
		Debug|Win32 = Debug|Win32
		Release|Win32 = Release|Win32
	EndGlobalSection
	GlobalSection(ProjectConfigurationPlatforms) = postSolution
		{35D0A06F-24CA-46F8-A641-85F82F407E7C}.Debug|Win32.ActiveCfg = Debug|Win32
		{35D0A06F-24CA-46F8-A641-85F82F407E7C}.Debug|Win32.Build.0 = Debug|Win32
		{35D0A06F-24CA-46F8-A641-85F82F407E7C}.Release|Win32.ActiveCfg = Release|Win32
		{35D0A06F-24CA-46F8-A641-85F82F407E7C}.Release|Win32.Build.0 = Release|Win32
		{9A909C05-EF3C-48F5-82F1-4DDBD611540A}.Debug|Win32.ActiveCfg = Debug|Win32
		{9A909C05-EF3C-48F5-82F1-4DDBD611540A}.Debug|Win32.Build.0 = Debug|Win32
		{9A909C05-EF3C-48F5-82F1-4DDBD611540A}.Release|Win32.ActiveCfg = Release|Win32
		{9A909C05-EF3C-48F5-82F1-4DDBD611540A}.Release|Win32.Build.0 = Release|Win32
	EndGlobalSection
	GlobalSection(SolutionProperties) = preSolution
		HideSolutionNode = FALSE
	EndGlobalSection
EndGlobal
