
Microsoft Visual Studio Solution File, Format Version 10.00
# Visual Studio 2008
Project("{8BC9CEB8-8B4A-11D0-8D11-00A0C91BC942}") = "Test1", "Test1\Test1.vcproj", "{D4C06B41-C636-4D51-B3F1-4FA68DC5CFE7}"
EndProject
Project("{8BC9CEB8-8B4A-11D0-8D11-00A0C91BC942}") = "Test2", "Test2\Test2.vcproj", "{CA605A58-1DA7-4282-ADE8-E51A7CA76A7A}"
EndProject
Project("{8BC9CEB8-8B4A-11D0-8D11-00A0C91BC942}") = "Test3", "Test3\Test3.vcproj", "{72B312E8-DD20-433F-BAE5-F6608E7692A6}"
EndProject
Project("{8BC9CEB8-8B4A-11D0-8D11-00A0C91BC942}") = "Test4", "Test4\Test4.vcproj", "{064BB0D7-AF43-44AE-82C1-6AA52B4FEFC9}"
EndProject
Project("{8BC9CEB8-8B4A-11D0-8D11-00A0C91BC942}") = "Test5", "Test5\Test5.vcproj", "{7DA293AD-B59A-4F51-BAE3-353E6C5E0DFD}"
EndProject
Project("{8BC9CEB8-8B4A-11D0-8D11-00A0C91BC942}") = "Test6", "Test6\Test6.vcproj", "{849EB410-3562-48C7-A131-2358C56AF91F}"
EndProject
Project("{8BC9CEB8-8B4A-11D0-8D11-00A0C91BC942}") = "Test7", "Test7\Test7.vcproj", "{5C1CFDDC-47EB-4D52-8171-BC94FD35DA0E}"
EndProject
Project("{8BC9CEB8-8B4A-11D0-8D11-00A0C91BC942}") = "TestInput", "TestInput\TestInput.vcproj", "{575CD21E-647B-47DE-A225-403C62B51D60}"
EndProject
Project("{8BC9CEB8-8B4A-11D0-8D11-00A0C91BC942}") = "TestSimple", "TestSimple\TestSimple.vcproj", "{D2657D80-FF7B-427B-BA0D-EC535656A239}"
EndProject
Project("{8BC9CEB8-8B4A-11D0-8D11-00A0C91BC942}") = "TestParticle", "TestParticle\TestParticle.vcproj", "{F2F01639-92AF-4C2A-8506-A06E5517676C}"
EndProject
Project("{8BC9CEB8-8B4A-11D0-8D11-00A0C91BC942}") = "FlashlightTest", "FlashlightTest\FlashlightTest.vcproj", "{9EFBBC99-1245-4507-A86E-C9682983AE34}"
EndProject
Project("{8BC9CEB8-8B4A-11D0-8D11-00A0C91BC942}") = "ConfigLoaderTest", "ConfigLoaderTest\ConfigLoaderTest.vcproj", "{C53E8437-7CD8-4E04-A01D-348EC9E2FEC7}"
EndProject
Project("{8BC9CEB8-8B4A-11D0-8D11-00A0C91BC942}") = "TestDebugInfo", "TestDebugInfo\TestDebugInfo.vcproj", "{45858976-2032-4952-8FC2-CEE39CE1B9E0}"
EndProject
Project("{8BC9CEB8-8B4A-11D0-8D11-00A0C91BC942}") = "NxOgreSimpleDemo", "NxOgreSimpleDemo\NxOgreSimpleDemo.vcproj", "{AEFFDDE4-CE02-4857-8475-58B645089697}"
EndProject
Global
	GlobalSection(SolutionConfigurationPlatforms) = preSolution
		Debug|Win32 = Debug|Win32
		DebugStatic|Win32 = DebugStatic|Win32
		Minimal|Win32 = Minimal|Win32
		MinimalDebug|Win32 = MinimalDebug|Win32
		MinimalStatic|Win32 = MinimalStatic|Win32
		Release|Win32 = Release|Win32
		ReleaseStatic|Win32 = ReleaseStatic|Win32
	EndGlobalSection
	GlobalSection(ProjectConfigurationPlatforms) = postSolution
		{D4C06B41-C636-4D51-B3F1-4FA68DC5CFE7}.Debug|Win32.ActiveCfg = Debug|Win32
		{D4C06B41-C636-4D51-B3F1-4FA68DC5CFE7}.Debug|Win32.Build.0 = Debug|Win32
		{D4C06B41-C636-4D51-B3F1-4FA68DC5CFE7}.DebugStatic|Win32.ActiveCfg = Debug|Win32
		{D4C06B41-C636-4D51-B3F1-4FA68DC5CFE7}.DebugStatic|Win32.Build.0 = Debug|Win32
		{D4C06B41-C636-4D51-B3F1-4FA68DC5CFE7}.Minimal|Win32.ActiveCfg = Release|Win32
		{D4C06B41-C636-4D51-B3F1-4FA68DC5CFE7}.Minimal|Win32.Build.0 = Release|Win32
		{D4C06B41-C636-4D51-B3F1-4FA68DC5CFE7}.MinimalDebug|Win32.ActiveCfg = Debug|Win32
		{D4C06B41-C636-4D51-B3F1-4FA68DC5CFE7}.MinimalDebug|Win32.Build.0 = Debug|Win32
		{D4C06B41-C636-4D51-B3F1-4FA68DC5CFE7}.MinimalStatic|Win32.ActiveCfg = Release|Win32
		{D4C06B41-C636-4D51-B3F1-4FA68DC5CFE7}.MinimalStatic|Win32.Build.0 = Release|Win32
		{D4C06B41-C636-4D51-B3F1-4FA68DC5CFE7}.Release|Win32.ActiveCfg = Release|Win32
		{D4C06B41-C636-4D51-B3F1-4FA68DC5CFE7}.Release|Win32.Build.0 = Release|Win32
		{D4C06B41-C636-4D51-B3F1-4FA68DC5CFE7}.ReleaseStatic|Win32.ActiveCfg = Release|Win32
		{D4C06B41-C636-4D51-B3F1-4FA68DC5CFE7}.ReleaseStatic|Win32.Build.0 = Release|Win32
		{CA605A58-1DA7-4282-ADE8-E51A7CA76A7A}.Debug|Win32.ActiveCfg = Debug|Win32
		{CA605A58-1DA7-4282-ADE8-E51A7CA76A7A}.Debug|Win32.Build.0 = Debug|Win32
		{CA605A58-1DA7-4282-ADE8-E51A7CA76A7A}.DebugStatic|Win32.ActiveCfg = Debug|Win32
		{CA605A58-1DA7-4282-ADE8-E51A7CA76A7A}.DebugStatic|Win32.Build.0 = Debug|Win32
		{CA605A58-1DA7-4282-ADE8-E51A7CA76A7A}.Minimal|Win32.ActiveCfg = Release|Win32
		{CA605A58-1DA7-4282-ADE8-E51A7CA76A7A}.Minimal|Win32.Build.0 = Release|Win32
		{CA605A58-1DA7-4282-ADE8-E51A7CA76A7A}.MinimalDebug|Win32.ActiveCfg = Debug|Win32
		{CA605A58-1DA7-4282-ADE8-E51A7CA76A7A}.MinimalDebug|Win32.Build.0 = Debug|Win32
		{CA605A58-1DA7-4282-ADE8-E51A7CA76A7A}.MinimalStatic|Win32.ActiveCfg = Release|Win32
		{CA605A58-1DA7-4282-ADE8-E51A7CA76A7A}.MinimalStatic|Win32.Build.0 = Release|Win32
		{CA605A58-1DA7-4282-ADE8-E51A7CA76A7A}.Release|Win32.ActiveCfg = Release|Win32
		{CA605A58-1DA7-4282-ADE8-E51A7CA76A7A}.Release|Win32.Build.0 = Release|Win32
		{CA605A58-1DA7-4282-ADE8-E51A7CA76A7A}.ReleaseStatic|Win32.ActiveCfg = Release|Win32
		{CA605A58-1DA7-4282-ADE8-E51A7CA76A7A}.ReleaseStatic|Win32.Build.0 = Release|Win32
		{72B312E8-DD20-433F-BAE5-F6608E7692A6}.Debug|Win32.ActiveCfg = Debug|Win32
		{72B312E8-DD20-433F-BAE5-F6608E7692A6}.Debug|Win32.Build.0 = Debug|Win32
		{72B312E8-DD20-433F-BAE5-F6608E7692A6}.DebugStatic|Win32.ActiveCfg = Debug|Win32
		{72B312E8-DD20-433F-BAE5-F6608E7692A6}.DebugStatic|Win32.Build.0 = Debug|Win32
		{72B312E8-DD20-433F-BAE5-F6608E7692A6}.Minimal|Win32.ActiveCfg = Release|Win32
		{72B312E8-DD20-433F-BAE5-F6608E7692A6}.Minimal|Win32.Build.0 = Release|Win32
		{72B312E8-DD20-433F-BAE5-F6608E7692A6}.MinimalDebug|Win32.ActiveCfg = Debug|Win32
		{72B312E8-DD20-433F-BAE5-F6608E7692A6}.MinimalDebug|Win32.Build.0 = Debug|Win32
		{72B312E8-DD20-433F-BAE5-F6608E7692A6}.MinimalStatic|Win32.ActiveCfg = Release|Win32
		{72B312E8-DD20-433F-BAE5-F6608E7692A6}.MinimalStatic|Win32.Build.0 = Release|Win32
		{72B312E8-DD20-433F-BAE5-F6608E7692A6}.Release|Win32.ActiveCfg = Release|Win32
		{72B312E8-DD20-433F-BAE5-F6608E7692A6}.Release|Win32.Build.0 = Release|Win32
		{72B312E8-DD20-433F-BAE5-F6608E7692A6}.ReleaseStatic|Win32.ActiveCfg = Release|Win32
		{72B312E8-DD20-433F-BAE5-F6608E7692A6}.ReleaseStatic|Win32.Build.0 = Release|Win32
		{064BB0D7-AF43-44AE-82C1-6AA52B4FEFC9}.Debug|Win32.ActiveCfg = Debug|Win32
		{064BB0D7-AF43-44AE-82C1-6AA52B4FEFC9}.Debug|Win32.Build.0 = Debug|Win32
		{064BB0D7-AF43-44AE-82C1-6AA52B4FEFC9}.DebugStatic|Win32.ActiveCfg = Debug|Win32
		{064BB0D7-AF43-44AE-82C1-6AA52B4FEFC9}.DebugStatic|Win32.Build.0 = Debug|Win32
		{064BB0D7-AF43-44AE-82C1-6AA52B4FEFC9}.Minimal|Win32.ActiveCfg = Release|Win32
		{064BB0D7-AF43-44AE-82C1-6AA52B4FEFC9}.Minimal|Win32.Build.0 = Release|Win32
		{064BB0D7-AF43-44AE-82C1-6AA52B4FEFC9}.MinimalDebug|Win32.ActiveCfg = Debug|Win32
		{064BB0D7-AF43-44AE-82C1-6AA52B4FEFC9}.MinimalDebug|Win32.Build.0 = Debug|Win32
		{064BB0D7-AF43-44AE-82C1-6AA52B4FEFC9}.MinimalStatic|Win32.ActiveCfg = Release|Win32
		{064BB0D7-AF43-44AE-82C1-6AA52B4FEFC9}.MinimalStatic|Win32.Build.0 = Release|Win32
		{064BB0D7-AF43-44AE-82C1-6AA52B4FEFC9}.Release|Win32.ActiveCfg = Release|Win32
		{064BB0D7-AF43-44AE-82C1-6AA52B4FEFC9}.Release|Win32.Build.0 = Release|Win32
		{064BB0D7-AF43-44AE-82C1-6AA52B4FEFC9}.ReleaseStatic|Win32.ActiveCfg = Release|Win32
		{064BB0D7-AF43-44AE-82C1-6AA52B4FEFC9}.ReleaseStatic|Win32.Build.0 = Release|Win32
		{7DA293AD-B59A-4F51-BAE3-353E6C5E0DFD}.Debug|Win32.ActiveCfg = Debug|Win32
		{7DA293AD-B59A-4F51-BAE3-353E6C5E0DFD}.Debug|Win32.Build.0 = Debug|Win32
		{7DA293AD-B59A-4F51-BAE3-353E6C5E0DFD}.DebugStatic|Win32.ActiveCfg = Debug|Win32
		{7DA293AD-B59A-4F51-BAE3-353E6C5E0DFD}.DebugStatic|Win32.Build.0 = Debug|Win32
		{7DA293AD-B59A-4F51-BAE3-353E6C5E0DFD}.Minimal|Win32.ActiveCfg = Release|Win32
		{7DA293AD-B59A-4F51-BAE3-353E6C5E0DFD}.Minimal|Win32.Build.0 = Release|Win32
		{7DA293AD-B59A-4F51-BAE3-353E6C5E0DFD}.MinimalDebug|Win32.ActiveCfg = Debug|Win32
		{7DA293AD-B59A-4F51-BAE3-353E6C5E0DFD}.MinimalDebug|Win32.Build.0 = Debug|Win32
		{7DA293AD-B59A-4F51-BAE3-353E6C5E0DFD}.MinimalStatic|Win32.ActiveCfg = Release|Win32
		{7DA293AD-B59A-4F51-BAE3-353E6C5E0DFD}.MinimalStatic|Win32.Build.0 = Release|Win32
		{7DA293AD-B59A-4F51-BAE3-353E6C5E0DFD}.Release|Win32.ActiveCfg = Release|Win32
		{7DA293AD-B59A-4F51-BAE3-353E6C5E0DFD}.Release|Win32.Build.0 = Release|Win32
		{7DA293AD-B59A-4F51-BAE3-353E6C5E0DFD}.ReleaseStatic|Win32.ActiveCfg = Release|Win32
		{7DA293AD-B59A-4F51-BAE3-353E6C5E0DFD}.ReleaseStatic|Win32.Build.0 = Release|Win32
		{849EB410-3562-48C7-A131-2358C56AF91F}.Debug|Win32.ActiveCfg = Debug|Win32
		{849EB410-3562-48C7-A131-2358C56AF91F}.Debug|Win32.Build.0 = Debug|Win32
		{849EB410-3562-48C7-A131-2358C56AF91F}.DebugStatic|Win32.ActiveCfg = Debug|Win32
		{849EB410-3562-48C7-A131-2358C56AF91F}.DebugStatic|Win32.Build.0 = Debug|Win32
		{849EB410-3562-48C7-A131-2358C56AF91F}.Minimal|Win32.ActiveCfg = Release|Win32
		{849EB410-3562-48C7-A131-2358C56AF91F}.Minimal|Win32.Build.0 = Release|Win32
		{849EB410-3562-48C7-A131-2358C56AF91F}.MinimalDebug|Win32.ActiveCfg = Debug|Win32
		{849EB410-3562-48C7-A131-2358C56AF91F}.MinimalDebug|Win32.Build.0 = Debug|Win32
		{849EB410-3562-48C7-A131-2358C56AF91F}.MinimalStatic|Win32.ActiveCfg = Release|Win32
		{849EB410-3562-48C7-A131-2358C56AF91F}.MinimalStatic|Win32.Build.0 = Release|Win32
		{849EB410-3562-48C7-A131-2358C56AF91F}.Release|Win32.ActiveCfg = Release|Win32
		{849EB410-3562-48C7-A131-2358C56AF91F}.Release|Win32.Build.0 = Release|Win32
		{849EB410-3562-48C7-A131-2358C56AF91F}.ReleaseStatic|Win32.ActiveCfg = Release|Win32
		{849EB410-3562-48C7-A131-2358C56AF91F}.ReleaseStatic|Win32.Build.0 = Release|Win32
		{5C1CFDDC-47EB-4D52-8171-BC94FD35DA0E}.Debug|Win32.ActiveCfg = Debug|Win32
		{5C1CFDDC-47EB-4D52-8171-BC94FD35DA0E}.Debug|Win32.Build.0 = Debug|Win32
		{5C1CFDDC-47EB-4D52-8171-BC94FD35DA0E}.DebugStatic|Win32.ActiveCfg = Debug|Win32
		{5C1CFDDC-47EB-4D52-8171-BC94FD35DA0E}.DebugStatic|Win32.Build.0 = Debug|Win32
		{5C1CFDDC-47EB-4D52-8171-BC94FD35DA0E}.Minimal|Win32.ActiveCfg = Release|Win32
		{5C1CFDDC-47EB-4D52-8171-BC94FD35DA0E}.Minimal|Win32.Build.0 = Release|Win32
		{5C1CFDDC-47EB-4D52-8171-BC94FD35DA0E}.MinimalDebug|Win32.ActiveCfg = Debug|Win32
		{5C1CFDDC-47EB-4D52-8171-BC94FD35DA0E}.MinimalDebug|Win32.Build.0 = Debug|Win32
		{5C1CFDDC-47EB-4D52-8171-BC94FD35DA0E}.MinimalStatic|Win32.ActiveCfg = Release|Win32
		{5C1CFDDC-47EB-4D52-8171-BC94FD35DA0E}.MinimalStatic|Win32.Build.0 = Release|Win32
		{5C1CFDDC-47EB-4D52-8171-BC94FD35DA0E}.Release|Win32.ActiveCfg = Release|Win32
		{5C1CFDDC-47EB-4D52-8171-BC94FD35DA0E}.Release|Win32.Build.0 = Release|Win32
		{5C1CFDDC-47EB-4D52-8171-BC94FD35DA0E}.ReleaseStatic|Win32.ActiveCfg = Release|Win32
		{5C1CFDDC-47EB-4D52-8171-BC94FD35DA0E}.ReleaseStatic|Win32.Build.0 = Release|Win32
		{575CD21E-647B-47DE-A225-403C62B51D60}.Debug|Win32.ActiveCfg = Debug|Win32
		{575CD21E-647B-47DE-A225-403C62B51D60}.Debug|Win32.Build.0 = Debug|Win32
		{575CD21E-647B-47DE-A225-403C62B51D60}.DebugStatic|Win32.ActiveCfg = Debug|Win32
		{575CD21E-647B-47DE-A225-403C62B51D60}.DebugStatic|Win32.Build.0 = Debug|Win32
		{575CD21E-647B-47DE-A225-403C62B51D60}.Minimal|Win32.ActiveCfg = Release|Win32
		{575CD21E-647B-47DE-A225-403C62B51D60}.Minimal|Win32.Build.0 = Release|Win32
		{575CD21E-647B-47DE-A225-403C62B51D60}.MinimalDebug|Win32.ActiveCfg = Debug|Win32
		{575CD21E-647B-47DE-A225-403C62B51D60}.MinimalDebug|Win32.Build.0 = Debug|Win32
		{575CD21E-647B-47DE-A225-403C62B51D60}.MinimalStatic|Win32.ActiveCfg = Release|Win32
		{575CD21E-647B-47DE-A225-403C62B51D60}.MinimalStatic|Win32.Build.0 = Release|Win32
		{575CD21E-647B-47DE-A225-403C62B51D60}.Release|Win32.ActiveCfg = Release|Win32
		{575CD21E-647B-47DE-A225-403C62B51D60}.Release|Win32.Build.0 = Release|Win32
		{575CD21E-647B-47DE-A225-403C62B51D60}.ReleaseStatic|Win32.ActiveCfg = Release|Win32
		{575CD21E-647B-47DE-A225-403C62B51D60}.ReleaseStatic|Win32.Build.0 = Release|Win32
		{D2657D80-FF7B-427B-BA0D-EC535656A239}.Debug|Win32.ActiveCfg = Debug|Win32
		{D2657D80-FF7B-427B-BA0D-EC535656A239}.Debug|Win32.Build.0 = Debug|Win32
		{D2657D80-FF7B-427B-BA0D-EC535656A239}.DebugStatic|Win32.ActiveCfg = Debug|Win32
		{D2657D80-FF7B-427B-BA0D-EC535656A239}.DebugStatic|Win32.Build.0 = Debug|Win32
		{D2657D80-FF7B-427B-BA0D-EC535656A239}.Minimal|Win32.ActiveCfg = Release|Win32
		{D2657D80-FF7B-427B-BA0D-EC535656A239}.Minimal|Win32.Build.0 = Release|Win32
		{D2657D80-FF7B-427B-BA0D-EC535656A239}.MinimalDebug|Win32.ActiveCfg = Debug|Win32
		{D2657D80-FF7B-427B-BA0D-EC535656A239}.MinimalDebug|Win32.Build.0 = Debug|Win32
		{D2657D80-FF7B-427B-BA0D-EC535656A239}.MinimalStatic|Win32.ActiveCfg = Release|Win32
		{D2657D80-FF7B-427B-BA0D-EC535656A239}.MinimalStatic|Win32.Build.0 = Release|Win32
		{D2657D80-FF7B-427B-BA0D-EC535656A239}.Release|Win32.ActiveCfg = Release|Win32
		{D2657D80-FF7B-427B-BA0D-EC535656A239}.Release|Win32.Build.0 = Release|Win32
		{D2657D80-FF7B-427B-BA0D-EC535656A239}.ReleaseStatic|Win32.ActiveCfg = Release|Win32
		{D2657D80-FF7B-427B-BA0D-EC535656A239}.ReleaseStatic|Win32.Build.0 = Release|Win32
		{F2F01639-92AF-4C2A-8506-A06E5517676C}.Debug|Win32.ActiveCfg = Debug|Win32
		{F2F01639-92AF-4C2A-8506-A06E5517676C}.Debug|Win32.Build.0 = Debug|Win32
		{F2F01639-92AF-4C2A-8506-A06E5517676C}.DebugStatic|Win32.ActiveCfg = Debug|Win32
		{F2F01639-92AF-4C2A-8506-A06E5517676C}.DebugStatic|Win32.Build.0 = Debug|Win32
		{F2F01639-92AF-4C2A-8506-A06E5517676C}.Minimal|Win32.ActiveCfg = Release|Win32
		{F2F01639-92AF-4C2A-8506-A06E5517676C}.Minimal|Win32.Build.0 = Release|Win32
		{F2F01639-92AF-4C2A-8506-A06E5517676C}.MinimalDebug|Win32.ActiveCfg = Debug|Win32
		{F2F01639-92AF-4C2A-8506-A06E5517676C}.MinimalDebug|Win32.Build.0 = Debug|Win32
		{F2F01639-92AF-4C2A-8506-A06E5517676C}.MinimalStatic|Win32.ActiveCfg = Release|Win32
		{F2F01639-92AF-4C2A-8506-A06E5517676C}.MinimalStatic|Win32.Build.0 = Release|Win32
		{F2F01639-92AF-4C2A-8506-A06E5517676C}.Release|Win32.ActiveCfg = Release|Win32
		{F2F01639-92AF-4C2A-8506-A06E5517676C}.Release|Win32.Build.0 = Release|Win32
		{F2F01639-92AF-4C2A-8506-A06E5517676C}.ReleaseStatic|Win32.ActiveCfg = Release|Win32
		{F2F01639-92AF-4C2A-8506-A06E5517676C}.ReleaseStatic|Win32.Build.0 = Release|Win32
		{9EFBBC99-1245-4507-A86E-C9682983AE34}.Debug|Win32.ActiveCfg = Debug|Win32
		{9EFBBC99-1245-4507-A86E-C9682983AE34}.Debug|Win32.Build.0 = Debug|Win32
		{9EFBBC99-1245-4507-A86E-C9682983AE34}.DebugStatic|Win32.ActiveCfg = Debug|Win32
		{9EFBBC99-1245-4507-A86E-C9682983AE34}.DebugStatic|Win32.Build.0 = Debug|Win32
		{9EFBBC99-1245-4507-A86E-C9682983AE34}.Minimal|Win32.ActiveCfg = Release|Win32
		{9EFBBC99-1245-4507-A86E-C9682983AE34}.Minimal|Win32.Build.0 = Release|Win32
		{9EFBBC99-1245-4507-A86E-C9682983AE34}.MinimalDebug|Win32.ActiveCfg = Debug|Win32
		{9EFBBC99-1245-4507-A86E-C9682983AE34}.MinimalDebug|Win32.Build.0 = Debug|Win32
		{9EFBBC99-1245-4507-A86E-C9682983AE34}.MinimalStatic|Win32.ActiveCfg = Release|Win32
		{9EFBBC99-1245-4507-A86E-C9682983AE34}.MinimalStatic|Win32.Build.0 = Release|Win32
		{9EFBBC99-1245-4507-A86E-C9682983AE34}.Release|Win32.ActiveCfg = Release|Win32
		{9EFBBC99-1245-4507-A86E-C9682983AE34}.Release|Win32.Build.0 = Release|Win32
		{9EFBBC99-1245-4507-A86E-C9682983AE34}.ReleaseStatic|Win32.ActiveCfg = Release|Win32
		{9EFBBC99-1245-4507-A86E-C9682983AE34}.ReleaseStatic|Win32.Build.0 = Release|Win32
		{C53E8437-7CD8-4E04-A01D-348EC9E2FEC7}.Debug|Win32.ActiveCfg = Debug|Win32
		{C53E8437-7CD8-4E04-A01D-348EC9E2FEC7}.Debug|Win32.Build.0 = Debug|Win32
		{C53E8437-7CD8-4E04-A01D-348EC9E2FEC7}.DebugStatic|Win32.ActiveCfg = Debug|Win32
		{C53E8437-7CD8-4E04-A01D-348EC9E2FEC7}.DebugStatic|Win32.Build.0 = Debug|Win32
		{C53E8437-7CD8-4E04-A01D-348EC9E2FEC7}.Minimal|Win32.ActiveCfg = Release|Win32
		{C53E8437-7CD8-4E04-A01D-348EC9E2FEC7}.Minimal|Win32.Build.0 = Release|Win32
		{C53E8437-7CD8-4E04-A01D-348EC9E2FEC7}.MinimalDebug|Win32.ActiveCfg = Debug|Win32
		{C53E8437-7CD8-4E04-A01D-348EC9E2FEC7}.MinimalDebug|Win32.Build.0 = Debug|Win32
		{C53E8437-7CD8-4E04-A01D-348EC9E2FEC7}.MinimalStatic|Win32.ActiveCfg = Release|Win32
		{C53E8437-7CD8-4E04-A01D-348EC9E2FEC7}.MinimalStatic|Win32.Build.0 = Release|Win32
		{C53E8437-7CD8-4E04-A01D-348EC9E2FEC7}.Release|Win32.ActiveCfg = Release|Win32
		{C53E8437-7CD8-4E04-A01D-348EC9E2FEC7}.Release|Win32.Build.0 = Release|Win32
		{C53E8437-7CD8-4E04-A01D-348EC9E2FEC7}.ReleaseStatic|Win32.ActiveCfg = Release|Win32
		{C53E8437-7CD8-4E04-A01D-348EC9E2FEC7}.ReleaseStatic|Win32.Build.0 = Release|Win32
		{45858976-2032-4952-8FC2-CEE39CE1B9E0}.Debug|Win32.ActiveCfg = Debug|Win32
		{45858976-2032-4952-8FC2-CEE39CE1B9E0}.Debug|Win32.Build.0 = Debug|Win32
		{45858976-2032-4952-8FC2-CEE39CE1B9E0}.DebugStatic|Win32.ActiveCfg = Debug|Win32
		{45858976-2032-4952-8FC2-CEE39CE1B9E0}.DebugStatic|Win32.Build.0 = Debug|Win32
		{45858976-2032-4952-8FC2-CEE39CE1B9E0}.Minimal|Win32.ActiveCfg = Release|Win32
		{45858976-2032-4952-8FC2-CEE39CE1B9E0}.Minimal|Win32.Build.0 = Release|Win32
		{45858976-2032-4952-8FC2-CEE39CE1B9E0}.MinimalDebug|Win32.ActiveCfg = Debug|Win32
		{45858976-2032-4952-8FC2-CEE39CE1B9E0}.MinimalDebug|Win32.Build.0 = Debug|Win32
		{45858976-2032-4952-8FC2-CEE39CE1B9E0}.MinimalStatic|Win32.ActiveCfg = Release|Win32
		{45858976-2032-4952-8FC2-CEE39CE1B9E0}.MinimalStatic|Win32.Build.0 = Release|Win32
		{45858976-2032-4952-8FC2-CEE39CE1B9E0}.Release|Win32.ActiveCfg = Release|Win32
		{45858976-2032-4952-8FC2-CEE39CE1B9E0}.Release|Win32.Build.0 = Release|Win32
		{45858976-2032-4952-8FC2-CEE39CE1B9E0}.ReleaseStatic|Win32.ActiveCfg = Release|Win32
		{45858976-2032-4952-8FC2-CEE39CE1B9E0}.ReleaseStatic|Win32.Build.0 = Release|Win32
		{AEFFDDE4-CE02-4857-8475-58B645089697}.Debug|Win32.ActiveCfg = Debug|Win32
		{AEFFDDE4-CE02-4857-8475-58B645089697}.Debug|Win32.Build.0 = Debug|Win32
		{AEFFDDE4-CE02-4857-8475-58B645089697}.DebugStatic|Win32.ActiveCfg = Debug|Win32
		{AEFFDDE4-CE02-4857-8475-58B645089697}.DebugStatic|Win32.Build.0 = Debug|Win32
		{AEFFDDE4-CE02-4857-8475-58B645089697}.Minimal|Win32.ActiveCfg = Release|Win32
		{AEFFDDE4-CE02-4857-8475-58B645089697}.Minimal|Win32.Build.0 = Release|Win32
		{AEFFDDE4-CE02-4857-8475-58B645089697}.MinimalDebug|Win32.ActiveCfg = Debug|Win32
		{AEFFDDE4-CE02-4857-8475-58B645089697}.MinimalDebug|Win32.Build.0 = Debug|Win32
		{AEFFDDE4-CE02-4857-8475-58B645089697}.MinimalStatic|Win32.ActiveCfg = Release|Win32
		{AEFFDDE4-CE02-4857-8475-58B645089697}.MinimalStatic|Win32.Build.0 = Release|Win32
		{AEFFDDE4-CE02-4857-8475-58B645089697}.Release|Win32.ActiveCfg = Release|Win32
		{AEFFDDE4-CE02-4857-8475-58B645089697}.Release|Win32.Build.0 = Release|Win32
		{AEFFDDE4-CE02-4857-8475-58B645089697}.ReleaseStatic|Win32.ActiveCfg = Release|Win32
		{AEFFDDE4-CE02-4857-8475-58B645089697}.ReleaseStatic|Win32.Build.0 = Release|Win32
	EndGlobalSection
	GlobalSection(SolutionProperties) = preSolution
		HideSolutionNode = FALSE
	EndGlobalSection
EndGlobal
